// !$*UTF8*$!
{
	archiveVersion = 1;
	classes = {
	};
	objectVersion = 50;
	objects = {

/* Begin PBXBuildFile section */
		7F34BD6225B6FDEA00B43D4A /* AppDelegate.swift in Sources */ = {isa = PBXBuildFile; fileRef = 7F34BD6125B6FDEA00B43D4A /* AppDelegate.swift */; };
		7F34BD6425B6FDEA00B43D4A /* SceneDelegate.swift in Sources */ = {isa = PBXBuildFile; fileRef = 7F34BD6325B6FDEA00B43D4A /* SceneDelegate.swift */; };
		7F34BD6625B6FDEA00B43D4A /* ContentView.swift in Sources */ = {isa = PBXBuildFile; fileRef = 7F34BD6525B6FDEA00B43D4A /* ContentView.swift */; };
		7F34BD6825B6FDF800B43D4A /* Assets.xcassets in Resources */ = {isa = PBXBuildFile; fileRef = 7F34BD6725B6FDF800B43D4A /* Assets.xcassets */; };
		7F34BD6B25B6FDF800B43D4A /* Preview Assets.xcassets in Resources */ = {isa = PBXBuildFile; fileRef = 7F34BD6A25B6FDF800B43D4A /* Preview Assets.xcassets */; };
		7F34BD6E25B6FDF800B43D4A /* LaunchScreen.storyboard in Resources */ = {isa = PBXBuildFile; fileRef = 7F34BD6C25B6FDF800B43D4A /* LaunchScreen.storyboard */; };
		7F34BD7925B6FDF900B43D4A /* CombineExampleTests.swift in Sources */ = {isa = PBXBuildFile; fileRef = 7F34BD7825B6FDF900B43D4A /* CombineExampleTests.swift */; };
		7F34BD8425B6FF3200B43D4A /* ViewModel.swift in Sources */ = {isa = PBXBuildFile; fileRef = 7F34BD8325B6FF3200B43D4A /* ViewModel.swift */; };
		7F34BD8625B706E200B43D4A /* User.swift in Sources */ = {isa = PBXBuildFile; fileRef = 7F34BD8525B706E200B43D4A /* User.swift */; };
/* End PBXBuildFile section */

/* Begin PBXContainerItemProxy section */
		7F34BD7525B6FDF900B43D4A /* PBXContainerItemProxy */ = {
			isa = PBXContainerItemProxy;
			containerPortal = 7F34BD5625B6FDEA00B43D4A /* Project object */;
			proxyType = 1;
			remoteGlobalIDString = 7F34BD5D25B6FDEA00B43D4A;
			remoteInfo = CombineExample;
		};
/* End PBXContainerItemProxy section */

/* Begin PBXFileReference section */
		7F34BD5E25B6FDEA00B43D4A /* CombineExample.app */ = {isa = PBXFileReference; explicitFileType = wrapper.application; includeInIndex = 0; path = CombineExample.app; sourceTree = BUILT_PRODUCTS_DIR; };
		7F34BD6125B6FDEA00B43D4A /* AppDelegate.swift */ = {isa = PBXFileReference; lastKnownFileType = sourcecode.swift; path = AppDelegate.swift; sourceTree = "<group>"; };
		7F34BD6325B6FDEA00B43D4A /* SceneDelegate.swift */ = {isa = PBXFileReference; lastKnownFileType = sourcecode.swift; path = SceneDelegate.swift; sourceTree = "<group>"; };
		7F34BD6525B6FDEA00B43D4A /* ContentView.swift */ = {isa = PBXFileReference; lastKnownFileType = sourcecode.swift; path = ContentView.swift; sourceTree = "<group>"; };
		7F34BD6725B6FDF800B43D4A /* Assets.xcassets */ = {isa = PBXFileReference; lastKnownFileType = folder.assetcatalog; path = Assets.xcassets; sourceTree = "<group>"; };
		7F34BD6A25B6FDF800B43D4A /* Preview Assets.xcassets */ = {isa = PBXFileReference; lastKnownFileType = folder.assetcatalog; path = "Preview Assets.xcassets"; sourceTree = "<group>"; };
		7F34BD6D25B6FDF800B43D4A /* Base */ = {isa = PBXFileReference; lastKnownFileType = file.storyboard; name = Base; path = Base.lproj/LaunchScreen.storyboard; sourceTree = "<group>"; };
		7F34BD6F25B6FDF800B43D4A /* Info.plist */ = {isa = PBXFileReference; lastKnownFileType = text.plist.xml; path = Info.plist; sourceTree = "<group>"; };
		7F34BD7425B6FDF900B43D4A /* CombineExampleTests.xctest */ = {isa = PBXFileReference; explicitFileType = wrapper.cfbundle; includeInIndex = 0; path = CombineExampleTests.xctest; sourceTree = BUILT_PRODUCTS_DIR; };
		7F34BD7825B6FDF900B43D4A /* CombineExampleTests.swift */ = {isa = PBXFileReference; lastKnownFileType = sourcecode.swift; path = CombineExampleTests.swift; sourceTree = "<group>"; };
		7F34BD7A25B6FDF900B43D4A /* Info.plist */ = {isa = PBXFileReference; lastKnownFileType = text.plist.xml; path = Info.plist; sourceTree = "<group>"; };
		7F34BD8325B6FF3200B43D4A /* ViewModel.swift */ = {isa = PBXFileReference; lastKnownFileType = sourcecode.swift; path = ViewModel.swift; sourceTree = "<group>"; };
		7F34BD8525B706E200B43D4A /* User.swift */ = {isa = PBXFileReference; lastKnownFileType = sourcecode.swift; path = User.swift; sourceTree = "<group>"; };
/* End PBXFileReference section */

/* Begin PBXFrameworksBuildPhase section */
		7F34BD5B25B6FDEA00B43D4A /* Frameworks */ = {
			isa = PBXFrameworksBuildPhase;
			buildActionMask = 2147483647;
			files = (
			);
			runOnlyForDeploymentPostprocessing = 0;
		};
		7F34BD7125B6FDF900B43D4A /* Frameworks */ = {
			isa = PBXFrameworksBuildPhase;
			buildActionMask = 2147483647;
			files = (
			);
			runOnlyForDeploymentPostprocessing = 0;
		};
/* End PBXFrameworksBuildPhase section */

/* Begin PBXGroup section */
		7F34BD5525B6FDEA00B43D4A = {
			isa = PBXGroup;
			children = (
				7F34BD6025B6FDEA00B43D4A /* CombineExample */,
				7F34BD7725B6FDF900B43D4A /* CombineExampleTests */,
				7F34BD5F25B6FDEA00B43D4A /* Products */,
			);
			sourceTree = "<group>";
		};
		7F34BD5F25B6FDEA00B43D4A /* Products */ = {
			isa = PBXGroup;
			children = (
				7F34BD5E25B6FDEA00B43D4A /* CombineExample.app */,
				7F34BD7425B6FDF900B43D4A /* CombineExampleTests.xctest */,
			);
			name = Products;
			sourceTree = "<group>";
		};
		7F34BD6025B6FDEA00B43D4A /* CombineExample */ = {
			isa = PBXGroup;
			children = (
				7F34BD6125B6FDEA00B43D4A /* AppDelegate.swift */,
				7F34BD6325B6FDEA00B43D4A /* SceneDelegate.swift */,
				7F34BD6525B6FDEA00B43D4A /* ContentView.swift */,
				7F34BD6725B6FDF800B43D4A /* Assets.xcassets */,
				7F34BD6C25B6FDF800B43D4A /* LaunchScreen.storyboard */,
				7F34BD6F25B6FDF800B43D4A /* Info.plist */,
				7F34BD6925B6FDF800B43D4A /* Preview Content */,
				7F34BD8325B6FF3200B43D4A /* ViewModel.swift */,
				7F34BD8525B706E200B43D4A /* User.swift */,
			);
			path = CombineExample;
			sourceTree = "<group>";
		};
		7F34BD6925B6FDF800B43D4A /* Preview Content */ = {
			isa = PBXGroup;
			children = (
				7F34BD6A25B6FDF800B43D4A /* Preview Assets.xcassets */,
			);
			path = "Preview Content";
			sourceTree = "<group>";
		};
		7F34BD7725B6FDF900B43D4A /* CombineExampleTests */ = {
			isa = PBXGroup;
			children = (
				7F34BD7825B6FDF900B43D4A /* CombineExampleTests.swift */,
				7F34BD7A25B6FDF900B43D4A /* Info.plist */,
			);
			path = CombineExampleTests;
			sourceTree = "<group>";
		};
/* End PBXGroup section */

/* Begin PBXNativeTarget section */
		7F34BD5D25B6FDEA00B43D4A /* CombineExample */ = {
			isa = PBXNativeTarget;
			buildConfigurationList = 7F34BD7D25B6FDF900B43D4A /* Build configuration list for PBXNativeTarget "CombineExample" */;
			buildPhases = (
				7F34BD5A25B6FDEA00B43D4A /* Sources */,
				7F34BD5B25B6FDEA00B43D4A /* Frameworks */,
				7F34BD5C25B6FDEA00B43D4A /* Resources */,
			);
			buildRules = (
			);
			dependencies = (
			);
			name = CombineExample;
			productName = CombineExample;
			productReference = 7F34BD5E25B6FDEA00B43D4A /* CombineExample.app */;
			productType = "com.apple.product-type.application";
		};
		7F34BD7325B6FDF900B43D4A /* CombineExampleTests */ = {
			isa = PBXNativeTarget;
			buildConfigurationList = 7F34BD8025B6FDF900B43D4A /* Build configuration list for PBXNativeTarget "CombineExampleTests" */;
			buildPhases = (
				7F34BD7025B6FDF900B43D4A /* Sources */,
				7F34BD7125B6FDF900B43D4A /* Frameworks */,
				7F34BD7225B6FDF900B43D4A /* Resources */,
			);
			buildRules = (
			);
			dependencies = (
				7F34BD7625B6FDF900B43D4A /* PBXTargetDependency */,
			);
			name = CombineExampleTests;
			productName = CombineExampleTests;
			productReference = 7F34BD7425B6FDF900B43D4A /* CombineExampleTests.xctest */;
			productType = "com.apple.product-type.bundle.unit-test";
		};
/* End PBXNativeTarget section */

/* Begin PBXProject section */
		7F34BD5625B6FDEA00B43D4A /* Project object */ = {
			isa = PBXProject;
			attributes = {
				LastSwiftUpdateCheck = 1130;
				LastUpgradeCheck = 1130;
				ORGANIZATIONNAME = Phoenix;
				TargetAttributes = {
					7F34BD5D25B6FDEA00B43D4A = {
						CreatedOnToolsVersion = 11.3.1;
					};
					7F34BD7325B6FDF900B43D4A = {
						CreatedOnToolsVersion = 11.3.1;
						TestTargetID = 7F34BD5D25B6FDEA00B43D4A;
					};
				};
			};
			buildConfigurationList = 7F34BD5925B6FDEA00B43D4A /* Build configuration list for PBXProject "CombineExample" */;
			compatibilityVersion = "Xcode 9.3";
			developmentRegion = en;
			hasScannedForEncodings = 0;
			knownRegions = (
				en,
				Base,
			);
			mainGroup = 7F34BD5525B6FDEA00B43D4A;
			productRefGroup = 7F34BD5F25B6FDEA00B43D4A /* Products */;
			projectDirPath = "";
			projectRoot = "";
			targets = (
				7F34BD5D25B6FDEA00B43D4A /* CombineExample */,
				7F34BD7325B6FDF900B43D4A /* CombineExampleTests */,
			);
		};
/* End PBXProject section */

/* Begin PBXResourcesBuildPhase section */
		7F34BD5C25B6FDEA00B43D4A /* Resources */ = {
			isa = PBXResourcesBuildPhase;
			buildActionMask = 2147483647;
			files = (
				7F34BD6E25B6FDF800B43D4A /* LaunchScreen.storyboard in Resources */,
				7F34BD6B25B6FDF800B43D4A /* Preview Assets.xcassets in Resources */,
				7F34BD6825B6FDF800B43D4A /* Assets.xcassets in Resources */,
			);
			runOnlyForDeploymentPostprocessing = 0;
		};
		7F34BD7225B6FDF900B43D4A /* Resources */ = {
			isa = PBXResourcesBuildPhase;
			buildActionMask = 2147483647;
			files = (
			);
			runOnlyForDeploymentPostprocessing = 0;
		};
/* End PBXResourcesBuildPhase section */

/* Begin PBXSourcesBuildPhase section */
		7F34BD5A25B6FDEA00B43D4A /* Sources */ = {
			isa = PBXSourcesBuildPhase;
			buildActionMask = 2147483647;
			files = (
				7F34BD6225B6FDEA00B43D4A /* AppDelegate.swift in Sources */,
				7F34BD6425B6FDEA00B43D4A /* SceneDelegate.swift in Sources */,
				7F34BD8425B6FF3200B43D4A /* ViewModel.swift in Sources */,
				7F34BD8625B706E200B43D4A /* User.swift in Sources */,
				7F34BD6625B6FDEA00B43D4A /* ContentView.swift in Sources */,
			);
			runOnlyForDeploymentPostprocessing = 0;
		};
		7F34BD7025B6FDF900B43D4A /* Sources */ = {
			isa = PBXSourcesBuildPhase;
			buildActionMask = 2147483647;
			files = (
				7F34BD7925B6FDF900B43D4A /* CombineExampleTests.swift in Sources */,
			);
			runOnlyForDeploymentPostprocessing = 0;
		};
/* End PBXSourcesBuildPhase section */

/* Begin PBXTargetDependency section */
		7F34BD7625B6FDF900B43D4A /* PBXTargetDependency */ = {
			isa = PBXTargetDependency;
			target = 7F34BD5D25B6FDEA00B43D4A /* CombineExample */;
			targetProxy = 7F34BD7525B6FDF900B43D4A /* PBXContainerItemProxy */;
		};
/* End PBXTargetDependency section */

/* Begin PBXVariantGroup section */
		7F34BD6C25B6FDF800B43D4A /* LaunchScreen.storyboard */ = {
			isa = PBXVariantGroup;
			children = (
				7F34BD6D25B6FDF800B43D4A /* Base */,
			);
			name = LaunchScreen.storyboard;
			sourceTree = "<group>";
		};
/* End PBXVariantGroup section */

/* Begin XCBuildConfiguration section */
		7F34BD7B25B6FDF900B43D4A /* Debug */ = {
			isa = XCBuildConfiguration;
			buildSettings = {
				ALWAYS_SEARCH_USER_PATHS = NO;
				CLANG_ANALYZER_NONNULL = YES;
				CLANG_ANALYZER_NUMBER_OBJECT_CONVERSION = YES_AGGRESSIVE;
				CLANG_CXX_LANGUAGE_STANDARD = "gnu++14";
				CLANG_CXX_LIBRARY = "libc++";
				CLANG_ENABLE_MODULES = YES;
				CLANG_ENABLE_OBJC_ARC = YES;
				CLANG_ENABLE_OBJC_WEAK = YES;
				CLANG_WARN_BLOCK_CAPTURE_AUTORELEASING = YES;
				CLANG_WARN_BOOL_CONVERSION = YES;
				CLANG_WARN_COMMA = YES;
				CLANG_WARN_CONSTANT_CONVERSION = YES;
				CLANG_WARN_DEPRECATED_OBJC_IMPLEMENTATIONS = YES;
				CLANG_WARN_DIRECT_OBJC_ISA_USAGE = YES_ERROR;
				CLANG_WARN_DOCUMENTATION_COMMENTS = YES;
				CLANG_WARN_EMPTY_BODY = YES;
				CLANG_WARN_ENUM_CONVERSION = YES;
				CLANG_WARN_INFINITE_RECURSION = YES;
				CLANG_WARN_INT_CONVERSION = YES;
				CLANG_WARN_NON_LITERAL_NULL_CONVERSION = YES;
				CLANG_WARN_OBJC_IMPLICIT_RETAIN_SELF = YES;
				CLANG_WARN_OBJC_LITERAL_CONVERSION = YES;
				CLANG_WARN_OBJC_ROOT_CLASS = YES_ERROR;
				CLANG_WARN_RANGE_LOOP_ANALYSIS = YES;
				CLANG_WARN_STRICT_PROTOTYPES = YES;
				CLANG_WARN_SUSPICIOUS_MOVE = YES;
				CLANG_WARN_UNGUARDED_AVAILABILITY = YES_AGGRESSIVE;
				CLANG_WARN_UNREACHABLE_CODE = YES;
				CLANG_WARN__DUPLICATE_METHOD_MATCH = YES;
				COPY_PHASE_STRIP = NO;
				DEBUG_INFORMATION_FORMAT = dwarf;
				ENABLE_STRICT_OBJC_MSGSEND = YES;
				ENABLE_TESTABILITY = YES;
				GCC_C_LANGUAGE_STANDARD = gnu11;
				GCC_DYNAMIC_NO_PIC = NO;
				GCC_NO_COMMON_BLOCKS = YES;
				GCC_OPTIMIZATION_LEVEL = 0;
				GCC_PREPROCESSOR_DEFINITIONS = (
					"DEBUG=1",
					"$(inherited)",
				);
				GCC_WARN_64_TO_32_BIT_CONVERSION = YES;
				GCC_WARN_ABOUT_RETURN_TYPE = YES_ERROR;
				GCC_WARN_UNDECLARED_SELECTOR = YES;
				GCC_WARN_UNINITIALIZED_AUTOS = YES_AGGRESSIVE;
				GCC_WARN_UNUSED_FUNCTION = YES;
				GCC_WARN_UNUSED_VARIABLE = YES;
				IPHONEOS_DEPLOYMENT_TARGET = 13.2;
				MTL_ENABLE_DEBUG_INFO = INCLUDE_SOURCE;
				MTL_FAST_MATH = YES;
				ONLY_ACTIVE_ARCH = YES;
				SDKROOT = iphoneos;
				SWIFT_ACTIVE_COMPILATION_CONDITIONS = DEBUG;
				SWIFT_OPTIMIZATION_LEVEL = "-Onone";
			};
			name = Debug;
		};
		7F34BD7C25B6FDF900B43D4A /* Release */ = {
			isa = XCBuildConfiguration;
			buildSettings = {
				ALWAYS_SEARCH_USER_PATHS = NO;
				CLANG_ANALYZER_NONNULL = YES;
				CLANG_ANALYZER_NUMBER_OBJECT_CONVERSION = YES_AGGRESSIVE;
				CLANG_CXX_LANGUAGE_STANDARD = "gnu++14";
				CLANG_CXX_LIBRARY = "libc++";
				CLANG_ENABLE_MODULES = YES;
				CLANG_ENABLE_OBJC_ARC = YES;
				CLANG_ENABLE_OBJC_WEAK = YES;
				CLANG_WARN_BLOCK_CAPTURE_AUTORELEASING = YES;
				CLANG_WARN_BOOL_CONVERSION = YES;
				CLANG_WARN_COMMA = YES;
				CLANG_WARN_CONSTANT_CONVERSION = YES;
				CLANG_WARN_DEPRECATED_OBJC_IMPLEMENTATIONS = YES;
				CLANG_WARN_DIRECT_OBJC_ISA_USAGE = YES_ERROR;
				CLANG_WARN_DOCUMENTATION_COMMENTS = YES;
				CLANG_WARN_EMPTY_BODY = YES;
				CLANG_WARN_ENUM_CONVERSION = YES;
				CLANG_WARN_INFINITE_RECURSION = YES;
				CLANG_WARN_INT_CONVERSION = YES;
				CLANG_WARN_NON_LITERAL_NULL_CONVERSION = YES;
				CLANG_WARN_OBJC_IMPLICIT_RETAIN_SELF = YES;
				CLANG_WARN_OBJC_LITERAL_CONVERSION = YES;
				CLANG_WARN_OBJC_ROOT_CLASS = YES_ERROR;
				CLANG_WARN_RANGE_LOOP_ANALYSIS = YES;
				CLANG_WARN_STRICT_PROTOTYPES = YES;
				CLANG_WARN_SUSPICIOUS_MOVE = YES;
				CLANG_WARN_UNGUARDED_AVAILABILITY = YES_AGGRESSIVE;
				CLANG_WARN_UNREACHABLE_CODE = YES;
				CLANG_WARN__DUPLICATE_METHOD_MATCH = YES;
				COPY_PHASE_STRIP = NO;
				DEBUG_INFORMATION_FORMAT = "dwarf-with-dsym";
				ENABLE_NS_ASSERTIONS = NO;
				ENABLE_STRICT_OBJC_MSGSEND = YES;
				GCC_C_LANGUAGE_STANDARD = gnu11;
				GCC_NO_COMMON_BLOCKS = YES;
				GCC_WARN_64_TO_32_BIT_CONVERSION = YES;
				GCC_WARN_ABOUT_RETURN_TYPE = YES_ERROR;
				GCC_WARN_UNDECLARED_SELECTOR = YES;
				GCC_WARN_UNINITIALIZED_AUTOS = YES_AGGRESSIVE;
				GCC_WARN_UNUSED_FUNCTION = YES;
				GCC_WARN_UNUSED_VARIABLE = YES;
				IPHONEOS_DEPLOYMENT_TARGET = 13.2;
				MTL_ENABLE_DEBUG_INFO = NO;
				MTL_FAST_MATH = YES;
				SDKROOT = iphoneos;
				SWIFT_COMPILATION_MODE = wholemodule;
				SWIFT_OPTIMIZATION_LEVEL = "-O";
				VALIDATE_PRODUCT = YES;
			};
			name = Release;
		};
		7F34BD7E25B6FDF900B43D4A /* Debug */ = {
			isa = XCBuildConfiguration;
			buildSettings = {
				ASSETCATALOG_COMPILER_APPICON_NAME = AppIcon;
				CODE_SIGN_STYLE = Automatic;
				DEVELOPMENT_ASSET_PATHS = "\"CombineExample/Preview Content\"";
				DEVELOPMENT_TEAM = Z4P2SA89UW;
				ENABLE_PREVIEWS = YES;
				INFOPLIST_FILE = CombineExample/Info.plist;
				LD_RUNPATH_SEARCH_PATHS = (
					"$(inherited)",
					"@executable_path/Frameworks",
				);
				PRODUCT_BUNDLE_IDENTIFIER = com.phoenix.CombineExample;
				PRODUCT_NAME = "$(TARGET_NAME)";
				SWIFT_VERSION = 5.0;
				TARGETED_DEVICE_FAMILY = "1,2";
			};
			name = Debug;
		};
		7F34BD7F25B6FDF900B43D4A /* Release */ = {
			isa = XCBuildConfiguration;
			buildSettings = {
				ASSETCATALOG_COMPILER_APPICON_NAME = AppIcon;
				CODE_SIGN_STYLE = Automatic;
				DEVELOPMENT_ASSET_PATHS = "\"CombineExample/Preview Content\"";
				DEVELOPMENT_TEAM = Z4P2SA89UW;
				ENABLE_PREVIEWS = YES;
				INFOPLIST_FILE = CombineExample/Info.plist;
				LD_RUNPATH_SEARCH_PATHS = (
					"$(inherited)",
					"@executable_path/Frameworks",
				);
				PRODUCT_BUNDLE_IDENTIFIER = com.phoenix.CombineExample;
				PRODUCT_NAME = "$(TARGET_NAME)";
				SWIFT_VERSION = 5.0;
				TARGETED_DEVICE_FAMILY = "1,2";
			};
			name = Release;
		};
		7F34BD8125B6FDF900B43D4A /* Debug */ = {
			isa = XCBuildConfiguration;
			buildSettings = {
				ALWAYS_EMBED_SWIFT_STANDARD_LIBRARIES = YES;
				BUNDLE_LOADER = "$(TEST_HOST)";
				CODE_SIGN_STYLE = Automatic;
				DEVELOPMENT_TEAM = Z4P2SA89UW;
				INFOPLIST_FILE = CombineExampleTests/Info.plist;
				IPHONEOS_DEPLOYMENT_TARGET = 13.2;
				LD_RUNPATH_SEARCH_PATHS = (
					"$(inherited)",
					"@executable_path/Frameworks",
					"@loader_path/Frameworks",
				);
				PRODUCT_BUNDLE_IDENTIFIER = com.phoenix.CombineExampleTests;
				PRODUCT_NAME = "$(TARGET_NAME)";
				SWIFT_VERSION = 5.0;
				TARGETED_DEVICE_FAMILY = "1,2";
				TEST_HOST = "$(BUILT_PRODUCTS_DIR)/CombineExample.app/CombineExample";
			};
			name = Debug;
		};
		7F34BD8225B6FDF900B43D4A /* Release */ = {
			isa = XCBuildConfiguration;
			buildSettings = {
				ALWAYS_EMBED_SWIFT_STANDARD_LIBRARIES = YES;
				BUNDLE_LOADER = "$(TEST_HOST)";
				CODE_SIGN_STYLE = Automatic;
				DEVELOPMENT_TEAM = Z4P2SA89UW;
				INFOPLIST_FILE = CombineExampleTests/Info.plist;
				IPHONEOS_DEPLOYMENT_TARGET = 13.2;
				LD_RUNPATH_SEARCH_PATHS = (
					"$(inherited)",
					"@executable_path/Frameworks",
					"@loader_path/Frameworks",
				);
				PRODUCT_BUNDLE_IDENTIFIER = com.phoenix.CombineExampleTests;
				PRODUCT_NAME = "$(TARGET_NAME)";
				SWIFT_VERSION = 5.0;
				TARGETED_DEVICE_FAMILY = "1,2";
				TEST_HOST = "$(BUILT_PRODUCTS_DIR)/CombineExample.app/CombineExample";
			};
			name = Release;
		};
/* End XCBuildConfiguration section */

/* Begin XCConfigurationList section */
		7F34BD5925B6FDEA00B43D4A /* Build configuration list for PBXProject "CombineExample" */ = {
			isa = XCConfigurationList;
			buildConfigurations = (
				7F34BD7B25B6FDF900B43D4A /* Debug */,
				7F34BD7C25B6FDF900B43D4A /* Release */,
			);
			defaultConfigurationIsVisible = 0;
			defaultConfigurationName = Release;
		};
		7F34BD7D25B6FDF900B43D4A /* Build configuration list for PBXNativeTarget "CombineExample" */ = {
			isa = XCConfigurationList;
			buildConfigurations = (
				7F34BD7E25B6FDF900B43D4A /* Debug */,
				7F34BD7F25B6FDF900B43D4A /* Release */,
			);
			defaultConfigurationIsVisible = 0;
			defaultConfigurationName = Release;
		};
		7F34BD8025B6FDF900B43D4A /* Build configuration list for PBXNativeTarget "CombineExampleTests" */ = {
			isa = XCConfigurationList;
			buildConfigurations = (
				7F34BD8125B6FDF900B43D4A /* Debug */,
				7F34BD8225B6FDF900B43D4A /* Release */,
			);
			defaultConfigurationIsVisible = 0;
			defaultConfigurationName = Release;
		};
/* End XCConfigurationList section */
	};
	rootObject = 7F34BD5625B6FDEA00B43D4A /* Project object */;
}
